
Microsoft Visual Studio Solution File, Format Version 12.00
# Visual Studio Version 17
VisualStudioVersion = 17.5.002.0
MinimumVisualStudioVersion = 10.0.40219.1
Project("{9A19103F-16F7-4668-BE54-9A1E7A4F7556}") = "daemon", "daemon.csproj", "{8D3C47F5-7D76-486B-9A08-BA1DF6396BE8}"
EndProject
Global
	GlobalSection(SolutionConfigurationPlatforms) = preSolution
		Debug|Any CPU = Debug|Any CPU
		Release|Any CPU = Release|Any CPU
	EndGlobalSection
	GlobalSection(ProjectConfigurationPlatforms) = postSolution
		{8D3C47F5-7D76-486B-9A08-BA1DF6396BE8}.Debug|Any CPU.ActiveCfg = Debug|Any CPU
		{8D3C47F5-7D76-486B-9A08-BA1DF6396BE8}.Debug|Any CPU.Build.0 = Debug|Any CPU
		{8D3C47F5-7D76-486B-9A08-BA1DF6396BE8}.Release|Any CPU.ActiveCfg = Release|Any CPU
		{8D3C47F5-7D76-486B-9A08-BA1DF6396BE8}.Release|Any CPU.Build.0 = Release|Any CPU
	EndGlobalSection
	GlobalSection(SolutionProperties) = preSolution
		HideSolutionNode = FALSE
	EndGlobalSection
	GlobalSection(ExtensibilityGlobals) = postSolution
		SolutionGuid = {EB32A308-5BAF-4D86-8692-389D8B45B0FD}
	EndGlobalSection
EndGlobal
